
Microsoft Visual Studio Solution File, Format Version 12.00
# Visual Studio 15
VisualStudioVersion = 15.0.26730.8
MinimumVisualStudioVersion = 10.0.40219.1
Project("{FAE04EC0-301F-11D3-BF4B-00C04F79EFBC}") = "WebSocket.PMGo", "WebSocket.PMGo\WebSocket.PMGo.csproj", "{2D2600A8-17E0-4745-8C14-88FC5C5BEFC1}"
EndProject
Global
	GlobalSection(SolutionConfigurationPlatforms) = preSolution
		Debug|Any CPU = Debug|Any CPU
		Release|Any CPU = Release|Any CPU
	EndGlobalSection
	GlobalSection(ProjectConfigurationPlatforms) = postSolution
		{2D2600A8-17E0-4745-8C14-88FC5C5BEFC1}.Debug|Any CPU.ActiveCfg = Debug|Any CPU
		{2D2600A8-17E0-4745-8C14-88FC5C5BEFC1}.Debug|Any CPU.Build.0 = Debug|Any CPU
		{2D2600A8-17E0-4745-8C14-88FC5C5BEFC1}.Release|Any CPU.ActiveCfg = Release|Any CPU
		{2D2600A8-17E0-4745-8C14-88FC5C5BEFC1}.Release|Any CPU.Build.0 = Release|Any CPU
	EndGlobalSection
	GlobalSection(SolutionProperties) = preSolution
		HideSolutionNode = FALSE
	EndGlobalSection
	GlobalSection(ExtensibilityGlobals) = postSolution
		SolutionGuid = {5C3BCF16-47BB-4E40-97FB-C70FD6F18C2F}
	EndGlobalSection
EndGlobal
